<?xml version="1.0" encoding="utf-8"?>
<Project ToolsVersion="4.0" xmlns="http://schemas.microsoft.com/developer/msbuild/2003">
  <ItemGroup>
    <Filter Include="Source Files">
      <UniqueIdentifier>{4FC737F1-C7A5-4376-A066-2A32D752A2FF}</UniqueIdentifier>
      <Extensions>cpp;c;cc;cxx;def;odl;idl;hpj;bat;asm;asmx</Extensions>
    </Filter>
    <Filter Include="Header Files">
      <UniqueIdentifier>{93995380-89BD-4b04-88EB-625FBE52EBFB}</UniqueIdentifier>
      <Extensions>h;hh;hpp;hxx;hm;inl;inc;xsd</Extensions>
    </Filter>
    <Filter Include="Resource Files">
      <UniqueIdentifier>{67DA6AB6-F800-4c08-8B7A-83BB121AAD01}</UniqueIdentifier>
      <Extensions>rc;ico;cur;bmp;dlg;rc2;rct;bin;rgs;gif;jpg;jpeg;jpe;resx;tiff;tif;png;wav;mfcribbon-ms</Extensions>
    </Filter>
    <Filter Include="Header Files\Resources">
      <UniqueIdentifier>{fea225ba-7b8a-455e-bed9-51c3fce45074}</UniqueIdentifier>
    </Filter>
    <Filter Include="Source Files\Resources">
      <UniqueIdentifier>{f142752b-0ea3-486e-8544-600d18c9d39d}</UniqueIdentifier>
    </Filter>
    <Filter Include="Header Files\Resources\Shaders">
      <UniqueIdentifier>{559b6440-10e4-4de3-802d-e1a2b760b007}</UniqueIdentifier>
    </Filter>
    <Filter Include="Header Files\Resources\Meshes">
      <UniqueIdentifier>{e5a833ab-7f7e-4ef7-a5ef-a2f2259eeda4}</UniqueIdentifier>
    </Filter>
    <Filter Include="Header Files\Resources\Textures">
      <UniqueIdentifier>{85fce999-6899-4173-b082-c0b1a23a99db}</UniqueIdentifier>
    </Filter>
    <Filter Include="Header Files\Resources\Fonts">
      <UniqueIdentifier>{ce51c424-b7ff-494a-9e66-8bbcc84177af}</UniqueIdentifier>
    </Filter>
    <Filter Include="Header Files\System">
      <UniqueIdentifier>{d6521d2c-427c-42e9-b6c1-587c48dca6f2}</UniqueIdentifier>
    </Filter>
    <Filter Include="Source Files\System">
      <UniqueIdentifier>{fb456c85-eaee-4a7a-a4f9-fc0d31c7bdb8}</UniqueIdentifier>
    </Filter>
    <Filter Include="Source Files\Resources\Meshes">
      <UniqueIdentifier>{196d15db-0b15-4e4b-93b3-1b70b445ddef}</UniqueIdentifier>
    </Filter>
    <Filter Include="Source Files\Resources\Shaders">
      <UniqueIdentifier>{e47acee6-0c25-4efb-8266-1ab98a3e0978}</UniqueIdentifier>
    </Filter>
    <Filter Include="Source Files\Resources\Textures">
      <UniqueIdentifier>{c6bf7e30-dcee-4497-8cb2-ca557875303c}</UniqueIdentifier>
    </Filter>
    <Filter Include="Source Files\Resources\Fonts">
      <UniqueIdentifier>{501e3311-3620-48bb-896c-ca10ef6f3f82}</UniqueIdentifier>
    </Filter>
    <Filter Include="Header Files\Windows">
      <UniqueIdentifier>{b0b03cc9-0bb7-4cea-9e44-c4ce811abd84}</UniqueIdentifier>
    </Filter>
    <Filter Include="Source Files\Windows">
      <UniqueIdentifier>{5d793d24-247f-43c1-ba4b-67ee8101c840}</UniqueIdentifier>
    </Filter>
    <Filter Include="Source Files\Resources\Storages">
      <UniqueIdentifier>{bff6b117-2112-4ca1-a83a-020e5fcc41a9}</UniqueIdentifier>
    </Filter>
    <Filter Include="Header Files\Resources\Storages">
      <UniqueIdentifier>{54a4c575-1e16-49aa-b4d9-e60dc3bcb5d7}</UniqueIdentifier>
    </Filter>
    <Filter Include="Header Files\Renderer">
      <UniqueIdentifier>{e5846f94-f073-46f0-b281-c0145d2a9aa6}</UniqueIdentifier>
    </Filter>
    <Filter Include="Source Files\Renderer">
      <UniqueIdentifier>{6e2fb3fe-f8d6-4115-a0c7-cf7b7851cf3f}</UniqueIdentifier>
    </Filter>
    <Filter Include="Header Files\Resources\SwapChain">
      <UniqueIdentifier>{be2806bf-5f51-447b-a37e-b61581b8b13d}</UniqueIdentifier>
    </Filter>
    <Filter Include="Source Files\Resources\SwapChain">
      <UniqueIdentifier>{5c669e4f-cb34-4374-a12c-69510aa784db}</UniqueIdentifier>
    </Filter>
    <Filter Include="Source Files\Resources\FBOs">
      <UniqueIdentifier>{f0fdb1a4-d688-47c4-a268-95b2efc0ce6e}</UniqueIdentifier>
    </Filter>
    <Filter Include="Header Files\Resources\FBOs">
      <UniqueIdentifier>{46ac13df-ca10-48bb-bb5a-b4d4331adfb2}</UniqueIdentifier>
    </Filter>
    <Filter Include="Source Files\Resources\Shaders\Base">
      <UniqueIdentifier>{82ed9678-26f4-44f9-a605-1ca13743d83d}</UniqueIdentifier>
    </Filter>
    <Filter Include="Source Files\Resources\FBOs\Base">
      <UniqueIdentifier>{5d8e8c84-e2e8-4580-8a78-9a3920086485}</UniqueIdentifier>
    </Filter>
    <Filter Include="Header Files\Resources\FBOs\Base">
      <UniqueIdentifier>{cd0c05fc-a9a0-4c75-be7a-196ef55e8a6f}</UniqueIdentifier>
    </Filter>
    <Filter Include="Header Files\Resources\Shaders\Base">
      <UniqueIdentifier>{270ba469-2eb1-48ff-82ab-80fc21ff176e}</UniqueIdentifier>
    </Filter>
    <Filter Include="Header Files\Resources\Scenes">
      <UniqueIdentifier>{5862a664-205b-4e38-a685-a297e2beb935}</UniqueIdentifier>
    </Filter>
    <Filter Include="Source Files\Resources\Scenes">
      <UniqueIdentifier>{4ecd1991-521c-4dde-8434-912f297e9022}</UniqueIdentifier>
    </Filter>
    <Filter Include="Header Files\Resources\Scenes\Base">
      <UniqueIdentifier>{adc8521b-94b8-43e7-a9f4-dd90fbae4e76}</UniqueIdentifier>
    </Filter>
    <Filter Include="Source Files\Resources\Scenes\Base">
      <UniqueIdentifier>{eada38a8-a164-44dc-9c1c-a08f3cbbf595}</UniqueIdentifier>
    </Filter>
    <Filter Include="Header Files\Resources\Components">
      <UniqueIdentifier>{4390e920-17e1-41c9-a18d-7d88ac6f14c8}</UniqueIdentifier>
    </Filter>
    <Filter Include="Source Files\Resources\Components">
      <UniqueIdentifier>{aeb97a23-3d8e-4d42-96e7-5a98faf87cdf}</UniqueIdentifier>
    </Filter>
    <Filter Include="Source Files\Resources\Components\Base">
      <UniqueIdentifier>{eec1faed-a164-4e6e-973a-1f720696252e}</UniqueIdentifier>
    </Filter>
    <Filter Include="Header Files\Resources\Components\Base">
      <UniqueIdentifier>{e994548d-7db3-40be-83b7-8cda797e756a}</UniqueIdentifier>
    </Filter>
    <Filter Include="Header Files\Resources\Entities">
      <UniqueIdentifier>{e1986614-b1c4-4f40-8973-0c1629aacab7}</UniqueIdentifier>
    </Filter>
    <Filter Include="Source Files\Resources\Entities">
      <UniqueIdentifier>{0ea3f1f9-ad65-48b0-9f41-acce90b1fd3c}</UniqueIdentifier>
    </Filter>
    <Filter Include="Source Files\Resources\Components\Scripts">
      <UniqueIdentifier>{721c55b0-5086-427e-8b72-9b64acca5c81}</UniqueIdentifier>
    </Filter>
    <Filter Include="Header Files\Resources\Components\Scripts">
      <UniqueIdentifier>{bf740a76-60dd-4564-b23b-8d18019d03d4}</UniqueIdentifier>
    </Filter>
    <Filter Include="Source Files\System\IO">
      <UniqueIdentifier>{2ca6126b-b8ce-4f04-8812-05e4d3c2542b}</UniqueIdentifier>
    </Filter>
    <Filter Include="Source Files\System\Base">
      <UniqueIdentifier>{b77c33e7-ae52-44d4-a4ac-370641ea018c}</UniqueIdentifier>
    </Filter>
    <Filter Include="Header Files\System\IO">
      <UniqueIdentifier>{1b39edcc-63a8-4dd3-b293-20e929c14c4e}</UniqueIdentifier>
    </Filter>
    <Filter Include="Header Files\System\Base">
      <UniqueIdentifier>{0243a3f5-a14f-4572-a945-dd18bc631029}</UniqueIdentifier>
    </Filter>
  </ItemGroup>
  <ItemGroup>
    <ClInclude Include="BasicMesh.h">
      <Filter>Header Files\Resources\Meshes</Filter>
    </ClInclude>
    <ClInclude Include="DeferredShader.h">
      <Filter>Header Files\Resources\Shaders</Filter>
    </ClInclude>
    <ClInclude Include="DirLightPassShader.h">
      <Filter>Header Files\Resources\Shaders</Filter>
    </ClInclude>
    <ClInclude Include="FinalPassShader.h">
      <Filter>Header Files\Resources\Shaders</Filter>
    </ClInclude>
    <ClInclude Include="ModelResources.h">
      <Filter>Header Files\Resources\Meshes</Filter>
    </ClInclude>
    <ClInclude Include="ScreenQuadMesh.h">
      <Filter>Header Files\Resources\Meshes</Filter>
    </ClInclude>
    <ClInclude Include="TextShader.h">
      <Filter>Header Files\Resources\Shaders</Filter>
    </ClInclude>
    <ClInclude Include="TextureResources.h">
      <Filter>Header Files\Resources\Textures</Filter>
    </ClInclude>
    <ClInclude Include="Font.h">
      <Filter>Header Files\Resources\Fonts</Filter>
    </ClInclude>
    <ClInclude Include="FontMesh.h">
      <Filter>Header Files\Resources\Meshes</Filter>
    </ClInclude>
    <ClInclude Include="VulkanTexture2D.h">
      <Filter>Header Files\Resources\Textures</Filter>
    </ClInclude>
    <ClInclude Include="VulkanTextureArray2D.h">
      <Filter>Header Files\Resources\Textures</Filter>
    </ClInclude>
    <ClInclude Include="VulkanTextureCube.h">
      <Filter>Header Files\Resources\Textures</Filter>
    </ClInclude>
    <ClInclude Include="WinNative.h">
      <Filter>Header Files\Windows</Filter>
    </ClInclude>
    <ClInclude Include="platform.h">
      <Filter>Header Files\Windows</Filter>
    </ClInclude>
    <ClInclude Include="SSBO.h">
      <Filter>Header Files\Resources\Storages</Filter>
    </ClInclude>
    <ClInclude Include="VulkanBufferData.h">
      <Filter>Header Files\Resources\Storages</Filter>
    </ClInclude>
    <ClInclude Include="VulkanBufferObject.h">
      <Filter>Header Files\Resources\Storages</Filter>
    </ClInclude>
    <ClInclude Include="VulkanImageBufferObject.h">
      <Filter>Header Files\Resources\Storages</Filter>
    </ClInclude>
    <ClInclude Include="UBO.h">
      <Filter>Header Files\Resources\Storages</Filter>
    </ClInclude>
    <ClInclude Include="Vertex.h">
      <Filter>Header Files\Resources\Storages</Filter>
    </ClInclude>
    <ClInclude Include="Model.h">
      <Filter>Header Files\Resources\Meshes</Filter>
    </ClInclude>
    <ClInclude Include="VulkanRenderer.h">
      <Filter>Header Files\Renderer</Filter>
    </ClInclude>
    <ClInclude Include="ShaderProgram.h">
      <Filter>Header Files\Resources\Shaders\Base</Filter>
    </ClInclude>
    <ClInclude Include="DescriptorTool.h">
      <Filter>Header Files\Resources\Shaders\Base</Filter>
    </ClInclude>
    <ClInclude Include="FixedPipelineCreationInfo.h">
      <Filter>Header Files\Resources\Shaders\Base</Filter>
    </ClInclude>
    <ClInclude Include="Renderer.h">
      <Filter>Header Files\Renderer</Filter>
    </ClInclude>
    <ClInclude Include="VulkanSwapchain.h">
      <Filter>Header Files\Resources\SwapChain</Filter>
    </ClInclude>
    <ClInclude Include="QueueFamilyIndices.h">
      <Filter>Header Files\Resources\Storages</Filter>
    </ClInclude>
    <ClInclude Include="DeferredFBO.h">
      <Filter>Header Files\Resources\FBOs</Filter>
    </ClInclude>
    <ClInclude Include="Framebuffer.h">
      <Filter>Header Files\Resources\FBOs\Base</Filter>
    </ClInclude>
    <ClInclude Include="GausianBlur1DShader.h">
      <Filter>Header Files\Resources\Shaders</Filter>
    </ClInclude>
    <ClInclude Include="SkyBoxShader.h">
      <Filter>Header Files\Resources\Shaders</Filter>
    </ClInclude>
    <ClInclude Include="Scene.h">
      <Filter>Header Files\Resources\Scenes\Base</Filter>
    </ClInclude>
    <ClInclude Include="SceneDefault.h">
      <Filter>Header Files\Resources\Scenes</Filter>
    </ClInclude>
    <ClInclude Include="Component.h">
      <Filter>Header Files\Resources\Components\Base</Filter>
    </ClInclude>
    <ClInclude Include="TransformationComponent.h">
      <Filter>Header Files\Resources\Components</Filter>
    </ClInclude>
    <ClInclude Include="BasicMeshComponent.h">
      <Filter>Header Files\Resources\Components</Filter>
    </ClInclude>
    <ClInclude Include="FontComponent.h">
      <Filter>Header Files\Resources\Components</Filter>
    </ClInclude>
    <ClInclude Include="ComponentManager.h">
      <Filter>Header Files\Resources\Components\Base</Filter>
    </ClInclude>
    <ClInclude Include="Entity.h">
      <Filter>Header Files\Resources\Entities</Filter>
    </ClInclude>
    <ClInclude Include="SceneSmall.h">
      <Filter>Header Files\Resources\Scenes\Base</Filter>
    </ClInclude>
    <ClInclude Include="SceneVolume.h">
      <Filter>Header Files\Resources\Scenes\Base</Filter>
    </ClInclude>
    <ClInclude Include="SceneMedium.h">
      <Filter>Header Files\Resources\Scenes\Base</Filter>
    </ClInclude>
    <ClInclude Include="PresentationFBO.h">
      <Filter>Header Files\Resources\FBOs</Filter>
    </ClInclude>
    <ClInclude Include="FinalFBO.h">
      <Filter>Header Files\Resources\FBOs</Filter>
    </ClInclude>
    <ClInclude Include="SimpleShader.h">
      <Filter>Header Files\Resources\Shaders</Filter>
    </ClInclude>
    <ClInclude Include="CameraComponent.h">
      <Filter>Header Files\Resources\Components</Filter>
    </ClInclude>
    <ClInclude Include="ScriptComponent.h">
      <Filter>Header Files\Resources\Components</Filter>
    </ClInclude>
    <ClInclude Include="Script.h">
      <Filter>Header Files\Resources\Components\Scripts</Filter>
    </ClInclude>
    <ClInclude Include="RotateScript.h">
      <Filter>Header Files\Resources\Components\Scripts</Filter>
    </ClInclude>
    <ClInclude Include="FramePacket.h">
      <Filter>Header Files\Resources\Storages</Filter>
    </ClInclude>
    <ClInclude Include="CommandBufferPacket.h">
      <Filter>Header Files\Resources\Storages</Filter>
    </ClInclude>
    <ClInclude Include="TextChangeScript.h">
      <Filter>Header Files\Resources\Components\Scripts</Filter>
    </ClInclude>
    <ClInclude Include="CameraControlScript.h">
      <Filter>Header Files\Resources\Components\Scripts</Filter>
    </ClInclude>
    <ClInclude Include="NonLightPassShader.h">
      <Filter>Header Files\Resources\Shaders</Filter>
    </ClInclude>
    <ClInclude Include="DebugLog.h">
      <Filter>Header Files\System\IO</Filter>
    </ClInclude>
    <ClInclude Include="Input.h">
      <Filter>Header Files\System\IO</Filter>
    </ClInclude>
    <ClInclude Include="IOManager.h">
      <Filter>Header Files\System\IO</Filter>
    </ClInclude>
    <ClInclude Include="Global.h">
      <Filter>Header Files\System\Base</Filter>
    </ClInclude>
    <ClInclude Include="LunaManager.h">
      <Filter>Header Files\System\Base</Filter>
    </ClInclude>
    <ClInclude Include="enum_c.h">
      <Filter>Header Files\System\Base</Filter>
    </ClInclude>
    <ClInclude Include="vulkanandroid.h">
      <Filter>Header Files\System\Base</Filter>
    </ClInclude>
    <ClInclude Include="Worker.h">
      <Filter>Header Files\System\Base</Filter>
    </ClInclude>
    <ClInclude Include="TextChangeScript2.h">
      <Filter>Header Files\Resources\Components\Scripts</Filter>
    </ClInclude>
  </ItemGroup>
  <ItemGroup>
    <ClCompile Include="BasicMesh.cpp">
      <Filter>Source Files\Resources\Meshes</Filter>
    </ClCompile>
    <ClCompile Include="ModelResources.cpp">
      <Filter>Source Files\Resources\Meshes</Filter>
    </ClCompile>
    <ClCompile Include="ScreenQuadMesh.cpp">
      <Filter>Source Files\Resources\Meshes</Filter>
    </ClCompile>
    <ClCompile Include="FontMesh.cpp">
      <Filter>Source Files\Resources\Meshes</Filter>
    </ClCompile>
    <ClCompile Include="Font.cpp">
      <Filter>Source Files\Resources\Fonts</Filter>
    </ClCompile>
    <ClCompile Include="TextureResources.cpp">
      <Filter>Source Files\Resources\Textures</Filter>
    </ClCompile>
    <ClCompile Include="DeferredShader.cpp">
      <Filter>Source Files\Resources\Shaders</Filter>
    </ClCompile>
    <ClCompile Include="DirLightPassShader.cpp">
      <Filter>Source Files\Resources\Shaders</Filter>
    </ClCompile>
    <ClCompile Include="FinalPassShader.cpp">
      <Filter>Source Files\Resources\Shaders</Filter>
    </ClCompile>
    <ClCompile Include="TextShader.cpp">
      <Filter>Source Files\Resources\Shaders</Filter>
    </ClCompile>
    <ClCompile Include="Win32.cpp">
      <Filter>Source Files\Windows</Filter>
    </ClCompile>
    <ClCompile Include="WinNative.cpp">
      <Filter>Source Files\Windows</Filter>
    </ClCompile>
    <ClCompile Include="Model.cpp">
      <Filter>Source Files\Resources\Meshes</Filter>
    </ClCompile>
    <ClCompile Include="SSBO.cpp">
      <Filter>Source Files\Resources\Storages</Filter>
    </ClCompile>
    <ClCompile Include="UBO.cpp">
      <Filter>Source Files\Resources\Storages</Filter>
    </ClCompile>
    <ClCompile Include="VulkanBufferObject.cpp">
      <Filter>Source Files\Resources\Storages</Filter>
    </ClCompile>
    <ClCompile Include="VulkanImageBufferObject.cpp">
      <Filter>Source Files\Resources\Storages</Filter>
    </ClCompile>
    <ClCompile Include="Renderer.cpp">
      <Filter>Source Files\Renderer</Filter>
    </ClCompile>
    <ClCompile Include="RendererDebug.cpp">
      <Filter>Source Files\Renderer</Filter>
    </ClCompile>
    <ClCompile Include="VulkanRenderer.cpp">
      <Filter>Source Files\Renderer</Filter>
    </ClCompile>
    <ClCompile Include="ShaderProgram.cpp">
      <Filter>Source Files\Resources\Shaders\Base</Filter>
    </ClCompile>
    <ClCompile Include="DescriptorTool.cpp">
      <Filter>Source Files\Resources\Shaders\Base</Filter>
    </ClCompile>
    <ClCompile Include="FixedPipelineCreationInfo.cpp">
      <Filter>Source Files\Resources\Shaders\Base</Filter>
    </ClCompile>
    <ClCompile Include="VulkanSwapchain.cpp">
      <Filter>Source Files\Resources\SwapChain</Filter>
    </ClCompile>
    <ClCompile Include="DeferredFBO.cpp">
      <Filter>Source Files\Resources\FBOs</Filter>
    </ClCompile>
    <ClCompile Include="Framebuffer.cpp">
      <Filter>Source Files\Resources\FBOs\Base</Filter>
    </ClCompile>
    <ClCompile Include="GausianBlur1DShader.cpp">
      <Filter>Source Files\Resources\Shaders</Filter>
    </ClCompile>
    <ClCompile Include="VulkanTextureCube.cpp">
      <Filter>Source Files\Resources\Textures</Filter>
    </ClCompile>
    <ClCompile Include="VulkanTextureArray2D.cpp">
      <Filter>Source Files\Resources\Textures</Filter>
    </ClCompile>
    <ClCompile Include="VulkanTexture2D.cpp">
      <Filter>Source Files\Resources\Textures</Filter>
    </ClCompile>
    <ClCompile Include="SkyBoxShader.cpp">
      <Filter>Source Files\Resources\Shaders</Filter>
    </ClCompile>
    <ClCompile Include="Scene.cpp">
      <Filter>Source Files\Resources\Scenes\Base</Filter>
    </ClCompile>
    <ClCompile Include="SceneDefault.cpp">
      <Filter>Source Files\Resources\Scenes</Filter>
    </ClCompile>
    <ClCompile Include="Component.cpp">
      <Filter>Source Files\Resources\Components\Base</Filter>
    </ClCompile>
    <ClCompile Include="TransformationComponent.cpp">
      <Filter>Source Files\Resources\Components</Filter>
    </ClCompile>
    <ClCompile Include="FontComponent.cpp">
      <Filter>Source Files\Resources\Components</Filter>
    </ClCompile>
    <ClCompile Include="BasicMeshComponent.cpp">
      <Filter>Source Files\Resources\Components</Filter>
    </ClCompile>
    <ClCompile Include="ComponentManager.cpp">
      <Filter>Source Files\Resources\Components\Base</Filter>
    </ClCompile>
    <ClCompile Include="Entity.cpp">
      <Filter>Source Files\Resources\Entities</Filter>
    </ClCompile>
    <ClCompile Include="SceneSmall.cpp">
      <Filter>Source Files\Resources\Scenes\Base</Filter>
    </ClCompile>
    <ClCompile Include="SceneVolume.cpp">
      <Filter>Source Files\Resources\Scenes\Base</Filter>
    </ClCompile>
    <ClCompile Include="SceneMedium.cpp">
      <Filter>Source Files\Resources\Scenes\Base</Filter>
    </ClCompile>
    <ClCompile Include="PresentationFBO.cpp">
      <Filter>Source Files\Resources\FBOs</Filter>
    </ClCompile>
    <ClCompile Include="FinalFBO.cpp">
      <Filter>Source Files\Resources\FBOs</Filter>
    </ClCompile>
    <ClCompile Include="SimpleShader.cpp">
      <Filter>Source Files\Resources\Shaders</Filter>
    </ClCompile>
    <ClCompile Include="CameraComponent.cpp">
      <Filter>Source Files\Resources\Components</Filter>
    </ClCompile>
    <ClCompile Include="ScriptComponent.cpp">
      <Filter>Source Files\Resources\Components</Filter>
    </ClCompile>
    <ClCompile Include="Script.cpp">
      <Filter>Source Files\Resources\Components\Scripts</Filter>
    </ClCompile>
    <ClCompile Include="RotateScript.cpp">
      <Filter>Source Files\Resources\Components\Scripts</Filter>
    </ClCompile>
    <ClCompile Include="CommandBufferPacket.cpp">
      <Filter>Source Files\Resources\Storages</Filter>
    </ClCompile>
    <ClCompile Include="TextChangeScript.cpp">
      <Filter>Source Files\Resources\Components\Scripts</Filter>
    </ClCompile>
    <ClCompile Include="CameraControlScript.cpp">
      <Filter>Source Files\Resources\Components\Scripts</Filter>
    </ClCompile>
    <ClCompile Include="NonLightPassShader.cpp">
      <Filter>Source Files\Resources\Shaders</Filter>
    </ClCompile>
    <ClCompile Include="WinAndroid.cpp">
      <Filter>Source Files\Windows</Filter>
    </ClCompile>
    <ClCompile Include="IOManager.cpp">
      <Filter>Source Files\System\IO</Filter>
    </ClCompile>
    <ClCompile Include="DebugLog.cpp">
      <Filter>Source Files\System\IO</Filter>
    </ClCompile>
    <ClCompile Include="Global.cpp">
      <Filter>Source Files\System\Base</Filter>
    </ClCompile>
    <ClCompile Include="LunaManager.cpp">
      <Filter>Source Files\System\Base</Filter>
    </ClCompile>
    <ClCompile Include="vulkanandroid.cpp">
      <Filter>Source Files\System\Base</Filter>
    </ClCompile>
    <ClCompile Include="main.cpp">
      <Filter>Source Files\System\Base</Filter>
    </ClCompile>
    <ClCompile Include="Input.cpp">
      <Filter>Source Files\System\IO</Filter>
    </ClCompile>
    <ClCompile Include="Worker.cpp">
      <Filter>Source Files\System\Base</Filter>
    </ClCompile>
    <ClCompile Include="TextChangeScript2.cpp">
      <Filter>Source Files\Resources\Components\Scripts</Filter>
    </ClCompile>
  </ItemGroup>
</Project>