<?xml version="1.0" encoding="utf-8"?>
<Project ToolsVersion="4.0" xmlns="http://schemas.microsoft.com/developer/msbuild/2003">
  <ItemGroup>
    <Filter Include="Source Files">
      <UniqueIdentifier>{4FC737F1-C7A5-4376-A066-2A32D752A2FF}</UniqueIdentifier>
      <Extensions>cpp;c;cc;cxx;def;odl;idl;hpj;bat;asm;asmx</Extensions>
    </Filter>
    <Filter Include="Header Files">
      <UniqueIdentifier>{93995380-89BD-4b04-88EB-625FBE52EBFB}</UniqueIdentifier>
      <Extensions>h;hh;hpp;hxx;hm;inl;inc;xsd</Extensions>
    </Filter>
    <Filter Include="Resource Files">
      <UniqueIdentifier>{67DA6AB6-F800-4c08-8B7A-83BB121AAD01}</UniqueIdentifier>
      <Extensions>rc;ico;cur;bmp;dlg;rc2;rct;bin;rgs;gif;jpg;jpeg;jpe;resx;tiff;tif;png;wav;mfcribbon-ms</Extensions>
    </Filter>
    <Filter Include="Header Files\Windows">
      <UniqueIdentifier>{b6bb1882-effd-441e-9a96-8ff173fbda7e}</UniqueIdentifier>
    </Filter>
    <Filter Include="Source Files\Windows">
      <UniqueIdentifier>{8f686cb6-5d3e-4722-9b85-fb2f3d14cba7}</UniqueIdentifier>
    </Filter>
    <Filter Include="Header Files\System">
      <UniqueIdentifier>{7b68e975-381f-4b66-b4df-33e96d4421fa}</UniqueIdentifier>
    </Filter>
    <Filter Include="Source Files\System">
      <UniqueIdentifier>{a47887b3-9784-4fc6-96f0-d49893938717}</UniqueIdentifier>
    </Filter>
    <Filter Include="Header Files\Renderer">
      <UniqueIdentifier>{ce925415-b799-4369-826d-0155012a4240}</UniqueIdentifier>
    </Filter>
    <Filter Include="Source Files\Renderer">
      <UniqueIdentifier>{6aa2d752-e99c-4ad7-9af1-152db5d157c4}</UniqueIdentifier>
    </Filter>
    <Filter Include="Header Files\Utils">
      <UniqueIdentifier>{4fa069fb-2e72-4518-9849-f4328cfd2871}</UniqueIdentifier>
    </Filter>
    <Filter Include="Header Files\Shaders">
      <UniqueIdentifier>{88ffdb5e-812e-4a15-9035-c56ba0d4cbb7}</UniqueIdentifier>
    </Filter>
    <Filter Include="Source Files\Shaders">
      <UniqueIdentifier>{84f7a665-434f-45e8-aae1-491893550261}</UniqueIdentifier>
    </Filter>
    <Filter Include="Header Files\Resources">
      <UniqueIdentifier>{31e4e121-09ff-411c-9808-f92d4b652465}</UniqueIdentifier>
    </Filter>
    <Filter Include="Source Files\Resources">
      <UniqueIdentifier>{e3312cb2-2b89-440b-8fca-5d5c7d89d06f}</UniqueIdentifier>
    </Filter>
    <Filter Include="Header Files\Resources\Models">
      <UniqueIdentifier>{f3c51dd0-1ffd-4d49-94ca-5529a3393acc}</UniqueIdentifier>
    </Filter>
    <Filter Include="Header Files\Resources\Textures">
      <UniqueIdentifier>{fafcb1fb-4d44-44a7-821c-85c5d742179c}</UniqueIdentifier>
    </Filter>
    <Filter Include="Header Files\Resources\UBOs">
      <UniqueIdentifier>{b34158ce-0ef0-46d4-b2d2-f46e09eaecc1}</UniqueIdentifier>
    </Filter>
    <Filter Include="Source Files\Resources\Models">
      <UniqueIdentifier>{478fd0d9-579e-4f36-8c47-89489c5182d7}</UniqueIdentifier>
    </Filter>
    <Filter Include="Source Files\Resources\Textures">
      <UniqueIdentifier>{2552436a-af8e-43d2-89ec-a1c40454af31}</UniqueIdentifier>
    </Filter>
    <Filter Include="Source Files\Resources\UBOs">
      <UniqueIdentifier>{7a1ef215-ac06-4255-babe-bfba7770641a}</UniqueIdentifier>
    </Filter>
    <Filter Include="Source Files\Renderer\FBOs">
      <UniqueIdentifier>{70504fde-1ebe-49a3-98b0-34e7ae0d9d6c}</UniqueIdentifier>
    </Filter>
    <Filter Include="Source Files\Renderer\SwapChain">
      <UniqueIdentifier>{dc723853-5d0d-4c5f-b069-10543a58ec19}</UniqueIdentifier>
    </Filter>
    <Filter Include="Header Files\Renderer\FBOs">
      <UniqueIdentifier>{6303ec0c-a70b-44eb-a08d-b72bd617acf5}</UniqueIdentifier>
    </Filter>
    <Filter Include="Header Files\Renderer\SwapChain">
      <UniqueIdentifier>{b45cfe79-dab1-4dd8-9086-d6ea1acc9326}</UniqueIdentifier>
    </Filter>
  </ItemGroup>
  <ItemGroup>
    <ClCompile Include="main.cpp">
      <Filter>Source Files</Filter>
    </ClCompile>
    <ClCompile Include="Win32.cpp">
      <Filter>Source Files\Windows</Filter>
    </ClCompile>
    <ClCompile Include="WinNative.cpp">
      <Filter>Source Files\Windows</Filter>
    </ClCompile>
    <ClCompile Include="DebugLog.cpp">
      <Filter>Source Files\System</Filter>
    </ClCompile>
    <ClCompile Include="RendererDebug.cpp">
      <Filter>Source Files\Renderer</Filter>
    </ClCompile>
    <ClCompile Include="ShaderProgram.cpp">
      <Filter>Source Files\Shaders</Filter>
    </ClCompile>
    <ClCompile Include="FixedPipelineCreationInfo.cpp">
      <Filter>Source Files\Shaders</Filter>
    </ClCompile>
    <ClCompile Include="BasicShader.cpp">
      <Filter>Source Files\Shaders</Filter>
    </ClCompile>
    <ClCompile Include="VulkanRenderer.cpp">
      <Filter>Source Files\Renderer</Filter>
    </ClCompile>
    <ClCompile Include="Renderer.cpp">
      <Filter>Source Files\Renderer</Filter>
    </ClCompile>
    <ClCompile Include="VulkanBufferObject.cpp">
      <Filter>Source Files\Resources</Filter>
    </ClCompile>
    <ClCompile Include="ResourceManager.cpp">
      <Filter>Source Files\Resources</Filter>
    </ClCompile>
    <ClCompile Include="VulkanImageBufferObject.cpp">
      <Filter>Source Files\Resources</Filter>
    </ClCompile>
    <ClCompile Include="BasicImage.cpp">
      <Filter>Source Files\Resources\Textures</Filter>
    </ClCompile>
    <ClCompile Include="BasicMesh.cpp">
      <Filter>Source Files\Resources\Models</Filter>
    </ClCompile>
    <ClCompile Include="BasicUBO.cpp">
      <Filter>Source Files\Resources\UBOs</Filter>
    </ClCompile>
    <ClCompile Include="Model.cpp">
      <Filter>Source Files\Resources\Models</Filter>
    </ClCompile>
    <ClCompile Include="Texture2D.cpp">
      <Filter>Source Files\Resources\Textures</Filter>
    </ClCompile>
    <ClCompile Include="BasicImageAttachment.cpp">
      <Filter>Source Files\Resources\Textures</Filter>
    </ClCompile>
    <ClCompile Include="BaseFBO.cpp">
      <Filter>Source Files\Renderer\FBOs</Filter>
    </ClCompile>
    <ClCompile Include="Framebuffer.cpp">
      <Filter>Source Files\Renderer\FBOs</Filter>
    </ClCompile>
    <ClCompile Include="VulkanSwapchain.cpp">
      <Filter>Source Files\Renderer\SwapChain</Filter>
    </ClCompile>
  </ItemGroup>
  <ItemGroup>
    <ClInclude Include="platform.h">
      <Filter>Header Files\Windows</Filter>
    </ClInclude>
    <ClInclude Include="WinNative.h">
      <Filter>Header Files\Windows</Filter>
    </ClInclude>
    <ClInclude Include="DebugLog.h">
      <Filter>Header Files\System</Filter>
    </ClInclude>
    <ClInclude Include="QueueFamilyIndices.h">
      <Filter>Header Files\Utils</Filter>
    </ClInclude>
    <ClInclude Include="ShaderProgram.h">
      <Filter>Header Files\Shaders</Filter>
    </ClInclude>
    <ClInclude Include="FixedPipelineCreationInfo.h">
      <Filter>Header Files\Shaders</Filter>
    </ClInclude>
    <ClInclude Include="Vertex.h">
      <Filter>Header Files\Utils</Filter>
    </ClInclude>
    <ClInclude Include="vk_glm.h">
      <Filter>Header Files\Utils</Filter>
    </ClInclude>
    <ClInclude Include="BasicShader.h">
      <Filter>Header Files\Shaders</Filter>
    </ClInclude>
    <ClInclude Include="VulkanRenderer.h">
      <Filter>Header Files\Renderer</Filter>
    </ClInclude>
    <ClInclude Include="Renderer.h">
      <Filter>Header Files\Renderer</Filter>
    </ClInclude>
    <ClInclude Include="VulkanBufferObject.h">
      <Filter>Header Files\Resources</Filter>
    </ClInclude>
    <ClInclude Include="ResourceManager.h">
      <Filter>Header Files\Resources</Filter>
    </ClInclude>
    <ClInclude Include="UBOData.h">
      <Filter>Header Files\Utils</Filter>
    </ClInclude>
    <ClInclude Include="VulkanBufferData.h">
      <Filter>Header Files\Utils</Filter>
    </ClInclude>
    <ClInclude Include="VulkanImageBufferObject.h">
      <Filter>Header Files\Resources</Filter>
    </ClInclude>
    <ClInclude Include="BasicImage.h">
      <Filter>Header Files\Resources\Textures</Filter>
    </ClInclude>
    <ClInclude Include="BasicMesh.h">
      <Filter>Header Files\Resources\Models</Filter>
    </ClInclude>
    <ClInclude Include="Model.h">
      <Filter>Header Files\Resources\Models</Filter>
    </ClInclude>
    <ClInclude Include="Texture2D.h">
      <Filter>Header Files\Resources\Textures</Filter>
    </ClInclude>
    <ClInclude Include="BasicUBO.h">
      <Filter>Header Files\Resources\UBOs</Filter>
    </ClInclude>
    <ClInclude Include="BasicImageAttachment.h">
      <Filter>Header Files\Resources\Textures</Filter>
    </ClInclude>
    <ClInclude Include="BaseFBO.h">
      <Filter>Header Files\Renderer\FBOs</Filter>
    </ClInclude>
    <ClInclude Include="VulkanSwapchain.h">
      <Filter>Header Files\Renderer\SwapChain</Filter>
    </ClInclude>
    <ClInclude Include="Framebuffer.h">
      <Filter>Header Files\Renderer\FBOs</Filter>
    </ClInclude>
  </ItemGroup>
</Project>